
Microsoft Visual Studio Solution File, Format Version 12.00
# Visual Studio Version 17
VisualStudioVersion = 17.11.35208.52
MinimumVisualStudioVersion = 10.0.40219.1
Project("{9A19103F-16F7-4668-BE54-9A1E7A4F7556}") = "WebApi", "WebApi\WebApi.csproj", "{EA21B4E8-F70E-453E-90C6-C4AA50BCC602}"
EndProject
Project("{9A19103F-16F7-4668-BE54-9A1E7A4F7556}") = "Entities", "Entities\Entities.csproj", "{7E821694-1ECB-405E-941F-903F3D4746B7}"
EndProject
Project("{9A19103F-16F7-4668-BE54-9A1E7A4F7556}") = "Repositories", "Repositories\Repositories.csproj", "{E70415E5-5131-469F-A734-701E57C42F26}"
EndProject
Project("{9A19103F-16F7-4668-BE54-9A1E7A4F7556}") = "Services", "Services\Services.csproj", "{D3F5A1BD-C949-41AA-963A-D73221748568}"
EndProject
Project("{FAE04EC0-301F-11D3-BF4B-00C04F79EFBC}") = "Presentation", "Presentation\Presentation.csproj", "{41D0BA05-529E-4344-9E93-F849E3097C68}"
EndProject
Global
	GlobalSection(SolutionConfigurationPlatforms) = preSolution
		Debug|Any CPU = Debug|Any CPU
		Release|Any CPU = Release|Any CPU
	EndGlobalSection
	GlobalSection(ProjectConfigurationPlatforms) = postSolution
		{EA21B4E8-F70E-453E-90C6-C4AA50BCC602}.Debug|Any CPU.ActiveCfg = Debug|Any CPU
		{EA21B4E8-F70E-453E-90C6-C4AA50BCC602}.Debug|Any CPU.Build.0 = Debug|Any CPU
		{EA21B4E8-F70E-453E-90C6-C4AA50BCC602}.Release|Any CPU.ActiveCfg = Release|Any CPU
		{EA21B4E8-F70E-453E-90C6-C4AA50BCC602}.Release|Any CPU.Build.0 = Release|Any CPU
		{7E821694-1ECB-405E-941F-903F3D4746B7}.Debug|Any CPU.ActiveCfg = Debug|Any CPU
		{7E821694-1ECB-405E-941F-903F3D4746B7}.Debug|Any CPU.Build.0 = Debug|Any CPU
		{7E821694-1ECB-405E-941F-903F3D4746B7}.Release|Any CPU.ActiveCfg = Release|Any CPU
		{7E821694-1ECB-405E-941F-903F3D4746B7}.Release|Any CPU.Build.0 = Release|Any CPU
		{E70415E5-5131-469F-A734-701E57C42F26}.Debug|Any CPU.ActiveCfg = Debug|Any CPU
		{E70415E5-5131-469F-A734-701E57C42F26}.Debug|Any CPU.Build.0 = Debug|Any CPU
		{E70415E5-5131-469F-A734-701E57C42F26}.Release|Any CPU.ActiveCfg = Release|Any CPU
		{E70415E5-5131-469F-A734-701E57C42F26}.Release|Any CPU.Build.0 = Release|Any CPU
		{D3F5A1BD-C949-41AA-963A-D73221748568}.Debug|Any CPU.ActiveCfg = Debug|Any CPU
		{D3F5A1BD-C949-41AA-963A-D73221748568}.Debug|Any CPU.Build.0 = Debug|Any CPU
		{D3F5A1BD-C949-41AA-963A-D73221748568}.Release|Any CPU.ActiveCfg = Release|Any CPU
		{D3F5A1BD-C949-41AA-963A-D73221748568}.Release|Any CPU.Build.0 = Release|Any CPU
		{41D0BA05-529E-4344-9E93-F849E3097C68}.Debug|Any CPU.ActiveCfg = Debug|Any CPU
		{41D0BA05-529E-4344-9E93-F849E3097C68}.Debug|Any CPU.Build.0 = Debug|Any CPU
		{41D0BA05-529E-4344-9E93-F849E3097C68}.Release|Any CPU.ActiveCfg = Release|Any CPU
		{41D0BA05-529E-4344-9E93-F849E3097C68}.Release|Any CPU.Build.0 = Release|Any CPU
	EndGlobalSection
	GlobalSection(SolutionProperties) = preSolution
		HideSolutionNode = FALSE
	EndGlobalSection
	GlobalSection(ExtensibilityGlobals) = postSolution
		SolutionGuid = {348D0810-4601-4D58-903F-6EFF4A8F6543}
	EndGlobalSection
EndGlobal
